
Microsoft Visual Studio Solution File, Format Version 12.00
# Visual Studio 2013
VisualStudioVersion = 12.0.40629.0
MinimumVisualStudioVersion = 10.0.40219.1
Project("{8BC9CEB8-8B4A-11D0-8D11-00A0C91BC942}") = "Bkav_JsCompiler", "Bkav_JsComplier.vcxproj", "{F2568EE8-CEE3-48BB-83F5-8E192AB78852}"
EndProject
Global
	GlobalSection(SolutionConfigurationPlatforms) = preSolution
		BUID_UPDATE_CHECK_TIMEOUT|Win32 = BUID_UPDATE_CHECK_TIMEOUT|Win32
		BUID_UPDATE|Win32 = BUID_UPDATE|Win32
		CheckLeak|Win32 = CheckLeak|Win32
		DEBUG_CALLSTACK|Win32 = DEBUG_CALLSTACK|Win32
		Debug_dll|Win32 = Debug_dll|Win32
		Debug|Win32 = Debug|Win32
		Release_LOG|Win32 = Release_LOG|Win32
		Release|Win32 = Release|Win32
	EndGlobalSection
	GlobalSection(ProjectConfigurationPlatforms) = postSolution
		{F2568EE8-CEE3-48BB-83F5-8E192AB78852}.BUID_UPDATE_CHECK_TIMEOUT|Win32.ActiveCfg = BUID_UPDATE_CHECK_TIMEOUT|Win32
		{F2568EE8-CEE3-48BB-83F5-8E192AB78852}.BUID_UPDATE_CHECK_TIMEOUT|Win32.Build.0 = BUID_UPDATE_CHECK_TIMEOUT|Win32
		{F2568EE8-CEE3-48BB-83F5-8E192AB78852}.BUID_UPDATE|Win32.ActiveCfg = BUID_UPDATE|Win32
		{F2568EE8-CEE3-48BB-83F5-8E192AB78852}.BUID_UPDATE|Win32.Build.0 = BUID_UPDATE|Win32
		{F2568EE8-CEE3-48BB-83F5-8E192AB78852}.CheckLeak|Win32.ActiveCfg = CheckLeak|Win32
		{F2568EE8-CEE3-48BB-83F5-8E192AB78852}.CheckLeak|Win32.Build.0 = CheckLeak|Win32
		{F2568EE8-CEE3-48BB-83F5-8E192AB78852}.DEBUG_CALLSTACK|Win32.ActiveCfg = DEBUG_CALLSTACK|Win32
		{F2568EE8-CEE3-48BB-83F5-8E192AB78852}.DEBUG_CALLSTACK|Win32.Build.0 = DEBUG_CALLSTACK|Win32
		{F2568EE8-CEE3-48BB-83F5-8E192AB78852}.Debug_dll|Win32.ActiveCfg = Debug_dll|Win32
		{F2568EE8-CEE3-48BB-83F5-8E192AB78852}.Debug_dll|Win32.Build.0 = Debug_dll|Win32
		{F2568EE8-CEE3-48BB-83F5-8E192AB78852}.Debug|Win32.ActiveCfg = Debug|Win32
		{F2568EE8-CEE3-48BB-83F5-8E192AB78852}.Debug|Win32.Build.0 = Debug|Win32
		{F2568EE8-CEE3-48BB-83F5-8E192AB78852}.Release_LOG|Win32.ActiveCfg = Release_LOG|Win32
		{F2568EE8-CEE3-48BB-83F5-8E192AB78852}.Release_LOG|Win32.Build.0 = Release_LOG|Win32
		{F2568EE8-CEE3-48BB-83F5-8E192AB78852}.Release|Win32.ActiveCfg = Release|Win32
		{F2568EE8-CEE3-48BB-83F5-8E192AB78852}.Release|Win32.Build.0 = Release|Win32
	EndGlobalSection
	GlobalSection(SolutionProperties) = preSolution
		HideSolutionNode = FALSE
	EndGlobalSection
EndGlobal
